
Microsoft Visual Studio Solution File, Format Version 12.00
# Visual Studio 2013
VisualStudioVersion = 12.0.21005.1
MinimumVisualStudioVersion = 10.0.40219.1
Project("{8BC9CEB8-8B4A-11D0-8D11-00A0C91BC942}") = "1119.1318", "1119.1318\1119.1318.vcxproj", "{779E5834-4AD7-4467-8E87-D703EB3E54D6}"
EndProject
Global
	GlobalSection(SolutionConfigurationPlatforms) = preSolution
		Debug|Win32 = Debug|Win32
		Release|Win32 = Release|Win32
	EndGlobalSection
	GlobalSection(ProjectConfigurationPlatforms) = postSolution
		{779E5834-4AD7-4467-8E87-D703EB3E54D6}.Debug|Win32.ActiveCfg = Debug|Win32
		{779E5834-4AD7-4467-8E87-D703EB3E54D6}.Debug|Win32.Build.0 = Debug|Win32
		{779E5834-4AD7-4467-8E87-D703EB3E54D6}.Release|Win32.ActiveCfg = Release|Win32
		{779E5834-4AD7-4467-8E87-D703EB3E54D6}.Release|Win32.Build.0 = Release|Win32
	EndGlobalSection
	GlobalSection(SolutionProperties) = preSolution
		HideSolutionNode = FALSE
	EndGlobalSection
EndGlobal
